{
  "originHash" : "ac0a3d19358fb166b886d8a8c48d08f1ec2ffd5d05da6502687fa404578fc862",
  "pins" : [
    {
      "identity" : "countrykit",
      "kind" : "remoteSourceControl",
      "location" : "https://github.com/frederik-jacques/countrykit.git",
      "state" : {
        "revision" : "bb14a53cffa7a25cb8f73ff5275bbb68f437141c",
        "version" : "1.0.2"
      }
    }
  ],
  "version" : 3
}
